// !$*UTF8*$!
{
	archiveVersion = 1;
	classes = {
	};
	objectVersion = 46;
	objects = {

/* Begin PBXBuildFile section */
		AE832A391C92142700E3D08B /* AppDelegate.swift in Sources */ = {isa = PBXBuildFile; fileRef = AE832A381C92142700E3D08B /* AppDelegate.swift */; };
		AE832A3B1C92142700E3D08B /* ViewController.swift in Sources */ = {isa = PBXBuildFile; fileRef = AE832A3A1C92142700E3D08B /* ViewController.swift */; };
		AE832A3E1C92142700E3D08B /* Main.storyboard in Resources */ = {isa = PBXBuildFile; fileRef = AE832A3C1C92142700E3D08B /* Main.storyboard */; };
		AE832A401C92142700E3D08B /* Assets.xcassets in Resources */ = {isa = PBXBuildFile; fileRef = AE832A3F1C92142700E3D08B /* Assets.xcassets */; };
		AE832A431C92142700E3D08B /* LaunchScreen.storyboard in Resources */ = {isa = PBXBuildFile; fileRef = AE832A411C92142700E3D08B /* LaunchScreen.storyboard */; };
/* End PBXBuildFile section */

/* Begin PBXFileReference section */
		AE832A351C92142700E3D08B /* rc.app */ = {isa = PBXFileReference; explicitFileType = wrapper.application; includeInIndex = 0; path = rc.app; sourceTree = BUILT_PRODUCTS_DIR; };
		AE832A381C92142700E3D08B /* AppDelegate.swift */ = {isa = PBXFileReference; lastKnownFileType = sourcecode.swift; path = AppDelegate.swift; sourceTree = "<group>"; };
		AE832A3A1C92142700E3D08B /* ViewController.swift */ = {isa = PBXFileReference; lastKnownFileType = sourcecode.swift; path = ViewController.swift; sourceTree = "<group>"; };
		AE832A3D1C92142700E3D08B /* Base */ = {isa = PBXFileReference; lastKnownFileType = file.storyboard; name = Base; path = Base.lproj/Main.storyboard; sourceTree = "<group>"; };
		AE832A3F1C92142700E3D08B /* Assets.xcassets */ = {isa = PBXFileReference; lastKnownFileType = folder.assetcatalog; path = Assets.xcassets; sourceTree = "<group>"; };
		AE832A421C92142700E3D08B /* Base */ = {isa = PBXFileReference; lastKnownFileType = file.storyboard; name = Base; path = Base.lproj/LaunchScreen.storyboard; sourceTree = "<group>"; };
		AE832A441C92142700E3D08B /* Info.plist */ = {isa = PBXFileReference; lastKnownFileType = text.plist.xml; path = Info.plist; sourceTree = "<group>"; };
/* End PBXFileReference section */

/* Begin PBXFrameworksBuildPhase section */
		AE832A321C92142700E3D08B /* Frameworks */ = {
			isa = PBXFrameworksBuildPhase;
			buildActionMask = 2147483647;
			files = (
			);
			runOnlyForDeploymentPostprocessing = 0;
		};
/* End PBXFrameworksBuildPhase section */

/* Begin PBXGroup section */
		AE832A2C1C92142700E3D08B = {
			isa = PBXGroup;
			children = (
				AE832A371C92142700E3D08B /* rc */,
				AE832A361C92142700E3D08B /* Products */,
			);
			sourceTree = "<group>";
		};
		AE832A361C92142700E3D08B /* Products */ = {
			isa = PBXGroup;
			children = (
				AE832A351C92142700E3D08B /* rc.app */,
			);
			name = Products;
			sourceTree = "<group>";
		};
		AE832A371C92142700E3D08B /* rc */ = {
			isa = PBXGroup;
			children = (
				AE832A381C92142700E3D08B /* AppDelegate.swift */,
				AE832A3A1C92142700E3D08B /* ViewController.swift */,
				AE832A3C1C92142700E3D08B /* Main.storyboard */,
				AE832A3F1C92142700E3D08B /* Assets.xcassets */,
				AE832A411C92142700E3D08B /* LaunchScreen.storyboard */,
				AE832A441C92142700E3D08B /* Info.plist */,
			);
			path = rc;
			sourceTree = "<group>";
		};
/* End PBXGroup section */

/* Begin PBXNativeTarget section */
		AE832A341C92142700E3D08B /* rc */ = {
			isa = PBXNativeTarget;
			buildConfigurationList = AE832A471C92142700E3D08B /* Build configuration list for PBXNativeTarget "rc" */;
			buildPhases = (
				AE832A311C92142700E3D08B /* Sources */,
				AE832A321C92142700E3D08B /* Frameworks */,
				AE832A331C92142700E3D08B /* Resources */,
			);
			buildRules = (
			);
			dependencies = (
			);
			name = rc;
			productName = rc;
			productReference = AE832A351C92142700E3D08B /* rc.app */;
			productType = "com.apple.product-type.application";
		};
/* End PBXNativeTarget section */

/* Begin PBXProject section */
		AE832A2D1C92142700E3D08B /* Project object */ = {
			isa = PBXProject;
			attributes = {
				LastSwiftUpdateCheck = 0720;
				LastUpgradeCheck = 0720;
				ORGANIZATIONNAME = RH;
				TargetAttributes = {
					AE832A341C92142700E3D08B = {
						CreatedOnToolsVersion = 7.2.1;
						DevelopmentTeam = 9JT48A64FN;
					};
				};
			};
			buildConfigurationList = AE832A301C92142700E3D08B /* Build configuration list for PBXProject "rc" */;
			compatibilityVersion = "Xcode 3.2";
			developmentRegion = English;
			hasScannedForEncodings = 0;
			knownRegions = (
				en,
				Base,
			);
			mainGroup = AE832A2C1C92142700E3D08B;
			productRefGroup = AE832A361C92142700E3D08B /* Products */;
			projectDirPath = "";
			projectRoot = "";
			targets = (
				AE832A341C92142700E3D08B /* rc */,
			);
		};
/* End PBXProject section */

/* Begin PBXResourcesBuildPhase section */
		AE832A331C92142700E3D08B /* Resources */ = {
			isa = PBXResourcesBuildPhase;
			buildActionMask = 2147483647;
			files = (
				AE832A431C92142700E3D08B /* LaunchScreen.storyboard in Resources */,
				AE832A401C92142700E3D08B /* Assets.xcassets in Resources */,
				AE832A3E1C92142700E3D08B /* Main.storyboard in Resources */,
			);
			runOnlyForDeploymentPostprocessing = 0;
		};
/* End PBXResourcesBuildPhase section */

/* Begin PBXSourcesBuildPhase section */
		AE832A311C92142700E3D08B /* Sources */ = {
			isa = PBXSourcesBuildPhase;
			buildActionMask = 2147483647;
			files = (
				AE832A3B1C92142700E3D08B /* ViewController.swift in Sources */,
				AE832A391C92142700E3D08B /* AppDelegate.swift in Sources */,
			);
			runOnlyForDeploymentPostprocessing = 0;
		};
/* End PBXSourcesBuildPhase section */

/* Begin PBXVariantGroup section */
		AE832A3C1C92142700E3D08B /* Main.storyboard */ = {
			isa = PBXVariantGroup;
			children = (
				AE832A3D1C92142700E3D08B /* Base */,
			);
			name = Main.storyboard;
			sourceTree = "<group>";
		};
		AE832A411C92142700E3D08B /* LaunchScreen.storyboard */ = {
			isa = PBXVariantGroup;
			children = (
				AE832A421C92142700E3D08B /* Base */,
			);
			name = LaunchScreen.storyboard;
			sourceTree = "<group>";
		};
/* End PBXVariantGroup section */

/* Begin XCBuildConfiguration section */
		AE832A451C92142700E3D08B /* Debug */ = {
			isa = XCBuildConfiguration;
			buildSettings = {
				ALWAYS_SEARCH_USER_PATHS = NO;
				CLANG_CXX_LANGUAGE_STANDARD = "gnu++0x";
				CLANG_CXX_LIBRARY = "libc++";
				CLANG_ENABLE_MODULES = YES;
				CLANG_ENABLE_OBJC_ARC = YES;
				CLANG_WARN_BOOL_CONVERSION = YES;
				CLANG_WARN_CONSTANT_CONVERSION = YES;
				CLANG_WARN_DIRECT_OBJC_ISA_USAGE = YES_ERROR;
				CLANG_WARN_EMPTY_BODY = YES;
				CLANG_WARN_ENUM_CONVERSION = YES;
				CLANG_WARN_INT_CONVERSION = YES;
				CLANG_WARN_OBJC_ROOT_CLASS = YES_ERROR;
				CLANG_WARN_UNREACHABLE_CODE = YES;
				CLANG_WARN__DUPLICATE_METHOD_MATCH = YES;
				"CODE_SIGN_IDENTITY[sdk=iphoneos*]" = "iPhone Developer";
				COPY_PHASE_STRIP = NO;
				DEBUG_INFORMATION_FORMAT = dwarf;
				ENABLE_STRICT_OBJC_MSGSEND = YES;
				ENABLE_TESTABILITY = YES;
				GCC_C_LANGUAGE_STANDARD = gnu99;
				GCC_DYNAMIC_NO_PIC = NO;
				GCC_NO_COMMON_BLOCKS = YES;
				GCC_OPTIMIZATION_LEVEL = 0;
				GCC_PREPROCESSOR_DEFINITIONS = (
					"DEBUG=1",
					"$(inherited)",
				);
				GCC_WARN_64_TO_32_BIT_CONVERSION = YES;
				GCC_WARN_ABOUT_RETURN_TYPE = YES_ERROR;
				GCC_WARN_UNDECLARED_SELECTOR = YES;
				GCC_WARN_UNINITIALIZED_AUTOS = YES_AGGRESSIVE;
				GCC_WARN_UNUSED_FUNCTION = YES;
				GCC_WARN_UNUSED_VARIABLE = YES;
				IPHONEOS_DEPLOYMENT_TARGET = 9.2;
				MTL_ENABLE_DEBUG_INFO = YES;
				ONLY_ACTIVE_ARCH = YES;
				SDKROOT = iphoneos;
				SWIFT_OPTIMIZATION_LEVEL = "-Onone";
				TARGETED_DEVICE_FAMILY = "1,2";
			};
			name = Debug;
		};
		AE832A461C92142700E3D08B /* Release */ = {
			isa = XCBuildConfiguration;
			buildSettings = {
				ALWAYS_SEARCH_USER_PATHS = NO;
				CLANG_CXX_LANGUAGE_STANDARD = "gnu++0x";
				CLANG_CXX_LIBRARY = "libc++";
				CLANG_ENABLE_MODULES = YES;
				CLANG_ENABLE_OBJC_ARC = YES;
				CLANG_WARN_BOOL_CONVERSION = YES;
				CLANG_WARN_CONSTANT_CONVERSION = YES;
				CLANG_WARN_DIRECT_OBJC_ISA_USAGE = YES_ERROR;
				CLANG_WARN_EMPTY_BODY = YES;
				CLANG_WARN_ENUM_CONVERSION = YES;
				CLANG_WARN_INT_CONVERSION = YES;
				CLANG_WARN_OBJC_ROOT_CLASS = YES_ERROR;
				CLANG_WARN_UNREACHABLE_CODE = YES;
				CLANG_WARN__DUPLICATE_METHOD_MATCH = YES;
				"CODE_SIGN_IDENTITY[sdk=iphoneos*]" = "iPhone Developer";
				COPY_PHASE_STRIP = NO;
				DEBUG_INFORMATION_FORMAT = "dwarf-with-dsym";
				ENABLE_NS_ASSERTIONS = NO;
				ENABLE_STRICT_OBJC_MSGSEND = YES;
				GCC_C_LANGUAGE_STANDARD = gnu99;
				GCC_NO_COMMON_BLOCKS = YES;
				GCC_WARN_64_TO_32_BIT_CONVERSION = YES;
				GCC_WARN_ABOUT_RETURN_TYPE = YES_ERROR;
				GCC_WARN_UNDECLARED_SELECTOR = YES;
				GCC_WARN_UNINITIALIZED_AUTOS = YES_AGGRESSIVE;
				GCC_WARN_UNUSED_FUNCTION = YES;
				GCC_WARN_UNUSED_VARIABLE = YES;
				IPHONEOS_DEPLOYMENT_TARGET = 9.2;
				MTL_ENABLE_DEBUG_INFO = NO;
				SDKROOT = iphoneos;
				TARGETED_DEVICE_FAMILY = "1,2";
				VALIDATE_PRODUCT = YES;
			};
			name = Release;
		};
		AE832A481C92142700E3D08B /* Debug */ = {
			isa = XCBuildConfiguration;
			buildSettings = {
				ASSETCATALOG_COMPILER_APPICON_NAME = AppIcon;
				INFOPLIST_FILE = rc/Info.plist;
				LD_RUNPATH_SEARCH_PATHS = "$(inherited) @executable_path/Frameworks";
				PRODUCT_BUNDLE_IDENTIFIER = RH.rc;
				PRODUCT_NAME = "$(TARGET_NAME)";
			};
			name = Debug;
		};
		AE832A491C92142700E3D08B /* Release */ = {
			isa = XCBuildConfiguration;
			buildSettings = {
				ASSETCATALOG_COMPILER_APPICON_NAME = AppIcon;
				INFOPLIST_FILE = rc/Info.plist;
				LD_RUNPATH_SEARCH_PATHS = "$(inherited) @executable_path/Frameworks";
				PRODUCT_BUNDLE_IDENTIFIER = RH.rc;
				PRODUCT_NAME = "$(TARGET_NAME)";
			};
			name = Release;
		};
/* End XCBuildConfiguration section */

/* Begin XCConfigurationList section */
		AE832A301C92142700E3D08B /* Build configuration list for PBXProject "rc" */ = {
			isa = XCConfigurationList;
			buildConfigurations = (
				AE832A451C92142700E3D08B /* Debug */,
				AE832A461C92142700E3D08B /* Release */,
			);
			defaultConfigurationIsVisible = 0;
			defaultConfigurationName = Release;
		};
		AE832A471C92142700E3D08B /* Build configuration list for PBXNativeTarget "rc" */ = {
			isa = XCConfigurationList;
			buildConfigurations = (
				AE832A481C92142700E3D08B /* Debug */,
				AE832A491C92142700E3D08B /* Release */,
			);
			defaultConfigurationIsVisible = 0;
		};
/* End XCConfigurationList section */
	};
	rootObject = AE832A2D1C92142700E3D08B /* Project object */;
}
