// !$*UTF8*$!
{
	archiveVersion = 1;
	classes = {
	};
	objectVersion = 46;
	objects = {

/* Begin PBXBuildFile section */
		8464FD161CBD59BF00E2352A /* RCDataFormat.swift in Sources */ = {isa = PBXBuildFile; fileRef = 8464FD151CBD59BF00E2352A /* RCDataFormat.swift */; };
		84FD3BC01CB7BCAC00872A19 /* RCPlayer.swift in Sources */ = {isa = PBXBuildFile; fileRef = 84FD3BBF1CB7BCAC00872A19 /* RCPlayer.swift */; };
		84FD3BC21CB7F08900872A19 /* AppData.swift in Sources */ = {isa = PBXBuildFile; fileRef = 84FD3BC11CB7F08900872A19 /* AppData.swift */; };
		AE0671EA1CA1E1CB00F926A5 /* pause40.png in Resources */ = {isa = PBXBuildFile; fileRef = AE0671E81CA1E1CB00F926A5 /* pause40.png */; };
		AE0671EB1CA1E1CB00F926A5 /* play40.png in Resources */ = {isa = PBXBuildFile; fileRef = AE0671E91CA1E1CB00F926A5 /* play40.png */; };
		AE0B53881CA0A73F00CA80C4 /* sound.mp3 in Resources */ = {isa = PBXBuildFile; fileRef = AE0B53871CA0A73E00CA80C4 /* sound.mp3 */; };
		AE46B4861CB7078300E8C751 /* AuthorizationViewController.swift in Sources */ = {isa = PBXBuildFile; fileRef = AE46B4851CB7078300E8C751 /* AuthorizationViewController.swift */; };
		AE508A511CB30B6800FF2EDB /* history.png in Resources */ = {isa = PBXBuildFile; fileRef = AE508A501CB30B6800FF2EDB /* history.png */; };
		AE508A531CB30E1A00FF2EDB /* Oval7.png in Resources */ = {isa = PBXBuildFile; fileRef = AE508A521CB30E1A00FF2EDB /* Oval7.png */; };
		AE508A551CB3117F00FF2EDB /* Oval3.png in Resources */ = {isa = PBXBuildFile; fileRef = AE508A541CB3117F00FF2EDB /* Oval3.png */; };
		AE5F0BD31C92229400961296 /* TableViewController.swift in Sources */ = {isa = PBXBuildFile; fileRef = AE5F0BD21C92229400961296 /* TableViewController.swift */; };
		AE68DD8A1CB468C20041FC92 /* icon_promocode_active.png in Resources */ = {isa = PBXBuildFile; fileRef = AE68DD881CB468C20041FC92 /* icon_promocode_active.png */; };
		AE68DD8B1CB468C20041FC92 /* icon_setup_active.png in Resources */ = {isa = PBXBuildFile; fileRef = AE68DD891CB468C20041FC92 /* icon_setup_active.png */; };
		AE82AC881C944608006D1D7B /* RCHistory.swift in Sources */ = {isa = PBXBuildFile; fileRef = AE82AC871C944608006D1D7B /* RCHistory.swift */; };
		AE832A391C92142700E3D08B /* AppDelegate.swift in Sources */ = {isa = PBXBuildFile; fileRef = AE832A381C92142700E3D08B /* AppDelegate.swift */; };
		AE832A3E1C92142700E3D08B /* Main.storyboard in Resources */ = {isa = PBXBuildFile; fileRef = AE832A3C1C92142700E3D08B /* Main.storyboard */; };
		AE832A401C92142700E3D08B /* Assets.xcassets in Resources */ = {isa = PBXBuildFile; fileRef = AE832A3F1C92142700E3D08B /* Assets.xcassets */; };
		AE832A431C92142700E3D08B /* LaunchScreen.storyboard in Resources */ = {isa = PBXBuildFile; fileRef = AE832A411C92142700E3D08B /* LaunchScreen.storyboard */; };
		AE832A4D1C92184C00E3D08B /* SwiftyJSON.swift in Sources */ = {isa = PBXBuildFile; fileRef = AE832A4C1C92184C00E3D08B /* SwiftyJSON.swift */; };
		AE832A531C921CD700E3D08B /* calls.json in Resources */ = {isa = PBXBuildFile; fileRef = AE832A521C921CD700E3D08B /* calls.json */; };
		AE9BE35E1C975BBD00EF75D1 /* rc_free.png in Resources */ = {isa = PBXBuildFile; fileRef = AE9BE35C1C975BBD00EF75D1 /* rc_free.png */; };
		AE9BE35F1C975BBD00EF75D1 /* rc_business.png in Resources */ = {isa = PBXBuildFile; fileRef = AE9BE35D1C975BBD00EF75D1 /* rc_business.png */; };
		AEA5B57D1C94DBE8009306AC /* TableViewCell.swift in Sources */ = {isa = PBXBuildFile; fileRef = AEA5B57C1C94DBE8009306AC /* TableViewCell.swift */; };
		AEA5B57F1C94E715009306AC /* status_normal.png in Resources */ = {isa = PBXBuildFile; fileRef = AEA5B57E1C94E715009306AC /* status_normal.png */; };
		AEC568AD1C961789000FE247 /* Russia.png in Resources */ = {isa = PBXBuildFile; fileRef = AEC568AC1C961789000FE247 /* Russia.png */; };
		AEC568B11C961CDE000FE247 /* liked_false.png in Resources */ = {isa = PBXBuildFile; fileRef = AEC568AF1C961CDE000FE247 /* liked_false.png */; };
		AEC568B21C961CDE000FE247 /* liked_true.png in Resources */ = {isa = PBXBuildFile; fileRef = AEC568B01C961CDE000FE247 /* liked_true.png */; };
/* End PBXBuildFile section */

/* Begin PBXFileReference section */
		8464FD151CBD59BF00E2352A /* RCDataFormat.swift */ = {isa = PBXFileReference; fileEncoding = 4; lastKnownFileType = sourcecode.swift; path = RCDataFormat.swift; sourceTree = "<group>"; };
		84FD3BBF1CB7BCAC00872A19 /* RCPlayer.swift */ = {isa = PBXFileReference; fileEncoding = 4; lastKnownFileType = sourcecode.swift; path = RCPlayer.swift; sourceTree = "<group>"; };
		84FD3BC11CB7F08900872A19 /* AppData.swift */ = {isa = PBXFileReference; fileEncoding = 4; lastKnownFileType = sourcecode.swift; path = AppData.swift; sourceTree = "<group>"; };
		AE0671E81CA1E1CB00F926A5 /* pause40.png */ = {isa = PBXFileReference; lastKnownFileType = image.png; path = pause40.png; sourceTree = "<group>"; };
		AE0671E91CA1E1CB00F926A5 /* play40.png */ = {isa = PBXFileReference; lastKnownFileType = image.png; path = play40.png; sourceTree = "<group>"; };
		AE0B53871CA0A73E00CA80C4 /* sound.mp3 */ = {isa = PBXFileReference; lastKnownFileType = audio.mp3; path = sound.mp3; sourceTree = "<group>"; };
		AE46B4851CB7078300E8C751 /* AuthorizationViewController.swift */ = {isa = PBXFileReference; fileEncoding = 4; lastKnownFileType = sourcecode.swift; path = AuthorizationViewController.swift; sourceTree = "<group>"; };
		AE508A501CB30B6800FF2EDB /* history.png */ = {isa = PBXFileReference; lastKnownFileType = image.png; path = history.png; sourceTree = "<group>"; };
		AE508A521CB30E1A00FF2EDB /* Oval7.png */ = {isa = PBXFileReference; lastKnownFileType = image.png; path = Oval7.png; sourceTree = "<group>"; };
		AE508A541CB3117F00FF2EDB /* Oval3.png */ = {isa = PBXFileReference; lastKnownFileType = image.png; path = Oval3.png; sourceTree = "<group>"; };
		AE5F0BD21C92229400961296 /* TableViewController.swift */ = {isa = PBXFileReference; fileEncoding = 4; lastKnownFileType = sourcecode.swift; path = TableViewController.swift; sourceTree = "<group>"; };
		AE68DD881CB468C20041FC92 /* icon_promocode_active.png */ = {isa = PBXFileReference; lastKnownFileType = image.png; path = icon_promocode_active.png; sourceTree = "<group>"; };
		AE68DD891CB468C20041FC92 /* icon_setup_active.png */ = {isa = PBXFileReference; lastKnownFileType = image.png; path = icon_setup_active.png; sourceTree = "<group>"; };
		AE82AC871C944608006D1D7B /* RCHistory.swift */ = {isa = PBXFileReference; fileEncoding = 4; lastKnownFileType = sourcecode.swift; path = RCHistory.swift; sourceTree = "<group>"; };
		AE832A351C92142700E3D08B /* rc.app */ = {isa = PBXFileReference; explicitFileType = wrapper.application; includeInIndex = 0; path = rc.app; sourceTree = BUILT_PRODUCTS_DIR; };
		AE832A381C92142700E3D08B /* AppDelegate.swift */ = {isa = PBXFileReference; lastKnownFileType = sourcecode.swift; path = AppDelegate.swift; sourceTree = "<group>"; };
		AE832A3D1C92142700E3D08B /* Base */ = {isa = PBXFileReference; lastKnownFileType = file.storyboard; name = Base; path = Base.lproj/Main.storyboard; sourceTree = "<group>"; };
		AE832A3F1C92142700E3D08B /* Assets.xcassets */ = {isa = PBXFileReference; lastKnownFileType = folder.assetcatalog; path = Assets.xcassets; sourceTree = "<group>"; };
		AE832A421C92142700E3D08B /* Base */ = {isa = PBXFileReference; lastKnownFileType = file.storyboard; name = Base; path = Base.lproj/LaunchScreen.storyboard; sourceTree = "<group>"; };
		AE832A441C92142700E3D08B /* Info.plist */ = {isa = PBXFileReference; lastKnownFileType = text.plist.xml; path = Info.plist; sourceTree = "<group>"; };
		AE832A4C1C92184C00E3D08B /* SwiftyJSON.swift */ = {isa = PBXFileReference; fileEncoding = 4; lastKnownFileType = sourcecode.swift; path = SwiftyJSON.swift; sourceTree = "<group>"; };
		AE832A521C921CD700E3D08B /* calls.json */ = {isa = PBXFileReference; fileEncoding = 4; lastKnownFileType = text.json; path = calls.json; sourceTree = "<group>"; };
		AE9BE35C1C975BBD00EF75D1 /* rc_free.png */ = {isa = PBXFileReference; lastKnownFileType = image.png; path = rc_free.png; sourceTree = "<group>"; };
		AE9BE35D1C975BBD00EF75D1 /* rc_business.png */ = {isa = PBXFileReference; lastKnownFileType = image.png; path = rc_business.png; sourceTree = "<group>"; };
		AEA5B57C1C94DBE8009306AC /* TableViewCell.swift */ = {isa = PBXFileReference; fileEncoding = 4; lastKnownFileType = sourcecode.swift; path = TableViewCell.swift; sourceTree = "<group>"; };
		AEA5B57E1C94E715009306AC /* status_normal.png */ = {isa = PBXFileReference; lastKnownFileType = image.png; path = status_normal.png; sourceTree = "<group>"; };
		AEC568AC1C961789000FE247 /* Russia.png */ = {isa = PBXFileReference; lastKnownFileType = image.png; path = Russia.png; sourceTree = "<group>"; };
		AEC568AF1C961CDE000FE247 /* liked_false.png */ = {isa = PBXFileReference; lastKnownFileType = image.png; path = liked_false.png; sourceTree = "<group>"; };
		AEC568B01C961CDE000FE247 /* liked_true.png */ = {isa = PBXFileReference; lastKnownFileType = image.png; path = liked_true.png; sourceTree = "<group>"; };
/* End PBXFileReference section */

/* Begin PBXFrameworksBuildPhase section */
		AE832A321C92142700E3D08B /* Frameworks */ = {
			isa = PBXFrameworksBuildPhase;
			buildActionMask = 2147483647;
			files = (
			);
			runOnlyForDeploymentPostprocessing = 0;
		};
/* End PBXFrameworksBuildPhase section */

/* Begin PBXGroup section */
		AE5521551CB5A60A0072A11E /* tab_bar_icons */ = {
			isa = PBXGroup;
			children = (
			);
			name = tab_bar_icons;
			sourceTree = "<group>";
		};
		AE832A2C1C92142700E3D08B = {
			isa = PBXGroup;
			children = (
				AE832A371C92142700E3D08B /* rc */,
				AE832A361C92142700E3D08B /* Products */,
			);
			sourceTree = "<group>";
		};
		AE832A361C92142700E3D08B /* Products */ = {
			isa = PBXGroup;
			children = (
				AE832A351C92142700E3D08B /* rc.app */,
			);
			name = Products;
			sourceTree = "<group>";
		};
		AE832A371C92142700E3D08B /* rc */ = {
			isa = PBXGroup;
			children = (
				AE5521551CB5A60A0072A11E /* tab_bar_icons */,
				AEC568AE1C961791000FE247 /* images */,
				AE832A521C921CD700E3D08B /* calls.json */,
				84FD3BBF1CB7BCAC00872A19 /* RCPlayer.swift */,
				AE82AC871C944608006D1D7B /* RCHistory.swift */,
				8464FD151CBD59BF00E2352A /* RCDataFormat.swift */,
				AEA5B57C1C94DBE8009306AC /* TableViewCell.swift */,
				AE5F0BD21C92229400961296 /* TableViewController.swift */,
				AE46B4851CB7078300E8C751 /* AuthorizationViewController.swift */,
				AE832A381C92142700E3D08B /* AppDelegate.swift */,
				AE832A4C1C92184C00E3D08B /* SwiftyJSON.swift */,
				AE832A3C1C92142700E3D08B /* Main.storyboard */,
				84FD3BC11CB7F08900872A19 /* AppData.swift */,
				AE832A3F1C92142700E3D08B /* Assets.xcassets */,
				AE832A411C92142700E3D08B /* LaunchScreen.storyboard */,
				AE832A441C92142700E3D08B /* Info.plist */,
			);
			path = rc;
			sourceTree = "<group>";
		};
		AEC568AE1C961791000FE247 /* images */ = {
			isa = PBXGroup;
			children = (
				AE68DD881CB468C20041FC92 /* icon_promocode_active.png */,
				AE68DD891CB468C20041FC92 /* icon_setup_active.png */,
				AE508A541CB3117F00FF2EDB /* Oval3.png */,
				AE508A521CB30E1A00FF2EDB /* Oval7.png */,
				AE508A501CB30B6800FF2EDB /* history.png */,
				AE0B53871CA0A73E00CA80C4 /* sound.mp3 */,
				AEC568AF1C961CDE000FE247 /* liked_false.png */,
				AEC568B01C961CDE000FE247 /* liked_true.png */,
				AEC568AC1C961789000FE247 /* Russia.png */,
				AEA5B57E1C94E715009306AC /* status_normal.png */,
				AE9BE35C1C975BBD00EF75D1 /* rc_free.png */,
				AE9BE35D1C975BBD00EF75D1 /* rc_business.png */,
				AE0671E81CA1E1CB00F926A5 /* pause40.png */,
				AE0671E91CA1E1CB00F926A5 /* play40.png */,
			);
			name = images;
			sourceTree = "<group>";
		};
/* End PBXGroup section */

/* Begin PBXNativeTarget section */
		AE832A341C92142700E3D08B /* rc */ = {
			isa = PBXNativeTarget;
			buildConfigurationList = AE832A471C92142700E3D08B /* Build configuration list for PBXNativeTarget "rc" */;
			buildPhases = (
				AE832A311C92142700E3D08B /* Sources */,
				AE832A321C92142700E3D08B /* Frameworks */,
				AE832A331C92142700E3D08B /* Resources */,
			);
			buildRules = (
			);
			dependencies = (
			);
			name = rc;
			productName = rc;
			productReference = AE832A351C92142700E3D08B /* rc.app */;
			productType = "com.apple.product-type.application";
		};
/* End PBXNativeTarget section */

/* Begin PBXProject section */
		AE832A2D1C92142700E3D08B /* Project object */ = {
			isa = PBXProject;
			attributes = {
				LastSwiftUpdateCheck = 0720;
				LastUpgradeCheck = 0720;
				ORGANIZATIONNAME = RH;
				TargetAttributes = {
					AE832A341C92142700E3D08B = {
						CreatedOnToolsVersion = 7.2.1;
						DevelopmentTeam = 9JT48A64FN;
					};
				};
			};
			buildConfigurationList = AE832A301C92142700E3D08B /* Build configuration list for PBXProject "rc" */;
			compatibilityVersion = "Xcode 3.2";
			developmentRegion = English;
			hasScannedForEncodings = 0;
			knownRegions = (
				en,
				Base,
			);
			mainGroup = AE832A2C1C92142700E3D08B;
			productRefGroup = AE832A361C92142700E3D08B /* Products */;
			projectDirPath = "";
			projectRoot = "";
			targets = (
				AE832A341C92142700E3D08B /* rc */,
			);
		};
/* End PBXProject section */

/* Begin PBXResourcesBuildPhase section */
		AE832A331C92142700E3D08B /* Resources */ = {
			isa = PBXResourcesBuildPhase;
			buildActionMask = 2147483647;
			files = (
				AE0671EA1CA1E1CB00F926A5 /* pause40.png in Resources */,
				AE508A551CB3117F00FF2EDB /* Oval3.png in Resources */,
				AE0B53881CA0A73F00CA80C4 /* sound.mp3 in Resources */,
				AEA5B57F1C94E715009306AC /* status_normal.png in Resources */,
				AEC568B21C961CDE000FE247 /* liked_true.png in Resources */,
				AE9BE35F1C975BBD00EF75D1 /* rc_business.png in Resources */,
				AE68DD8A1CB468C20041FC92 /* icon_promocode_active.png in Resources */,
				AEC568B11C961CDE000FE247 /* liked_false.png in Resources */,
				AE508A511CB30B6800FF2EDB /* history.png in Resources */,
				AE832A431C92142700E3D08B /* LaunchScreen.storyboard in Resources */,
				AE9BE35E1C975BBD00EF75D1 /* rc_free.png in Resources */,
				AEC568AD1C961789000FE247 /* Russia.png in Resources */,
				AE0671EB1CA1E1CB00F926A5 /* play40.png in Resources */,
				AE832A531C921CD700E3D08B /* calls.json in Resources */,
				AE832A401C92142700E3D08B /* Assets.xcassets in Resources */,
				AE832A3E1C92142700E3D08B /* Main.storyboard in Resources */,
				AE68DD8B1CB468C20041FC92 /* icon_setup_active.png in Resources */,
				AE508A531CB30E1A00FF2EDB /* Oval7.png in Resources */,
			);
			runOnlyForDeploymentPostprocessing = 0;
		};
/* End PBXResourcesBuildPhase section */

/* Begin PBXSourcesBuildPhase section */
		AE832A311C92142700E3D08B /* Sources */ = {
			isa = PBXSourcesBuildPhase;
			buildActionMask = 2147483647;
			files = (
				AE46B4861CB7078300E8C751 /* AuthorizationViewController.swift in Sources */,
				AE832A391C92142700E3D08B /* AppDelegate.swift in Sources */,
				84FD3BC01CB7BCAC00872A19 /* RCPlayer.swift in Sources */,
				84FD3BC21CB7F08900872A19 /* AppData.swift in Sources */,
				AE82AC881C944608006D1D7B /* RCHistory.swift in Sources */,
				AEA5B57D1C94DBE8009306AC /* TableViewCell.swift in Sources */,
				AE832A4D1C92184C00E3D08B /* SwiftyJSON.swift in Sources */,
				8464FD161CBD59BF00E2352A /* RCDataFormat.swift in Sources */,
				AE5F0BD31C92229400961296 /* TableViewController.swift in Sources */,
			);
			runOnlyForDeploymentPostprocessing = 0;
		};
/* End PBXSourcesBuildPhase section */

/* Begin PBXVariantGroup section */
		AE832A3C1C92142700E3D08B /* Main.storyboard */ = {
			isa = PBXVariantGroup;
			children = (
				AE832A3D1C92142700E3D08B /* Base */,
			);
			name = Main.storyboard;
			sourceTree = "<group>";
		};
		AE832A411C92142700E3D08B /* LaunchScreen.storyboard */ = {
			isa = PBXVariantGroup;
			children = (
				AE832A421C92142700E3D08B /* Base */,
			);
			name = LaunchScreen.storyboard;
			sourceTree = "<group>";
		};
/* End PBXVariantGroup section */

/* Begin XCBuildConfiguration section */
		AE832A451C92142700E3D08B /* Debug */ = {
			isa = XCBuildConfiguration;
			buildSettings = {
				ALWAYS_SEARCH_USER_PATHS = NO;
				CLANG_CXX_LANGUAGE_STANDARD = "gnu++0x";
				CLANG_CXX_LIBRARY = "libc++";
				CLANG_ENABLE_MODULES = YES;
				CLANG_ENABLE_OBJC_ARC = YES;
				CLANG_WARN_BOOL_CONVERSION = YES;
				CLANG_WARN_CONSTANT_CONVERSION = YES;
				CLANG_WARN_DIRECT_OBJC_ISA_USAGE = YES_ERROR;
				CLANG_WARN_EMPTY_BODY = YES;
				CLANG_WARN_ENUM_CONVERSION = YES;
				CLANG_WARN_INT_CONVERSION = YES;
				CLANG_WARN_OBJC_ROOT_CLASS = YES_ERROR;
				CLANG_WARN_UNREACHABLE_CODE = YES;
				CLANG_WARN__DUPLICATE_METHOD_MATCH = YES;
				"CODE_SIGN_IDENTITY[sdk=iphoneos*]" = "iPhone Developer";
				COPY_PHASE_STRIP = NO;
				DEBUG_INFORMATION_FORMAT = dwarf;
				ENABLE_STRICT_OBJC_MSGSEND = YES;
				ENABLE_TESTABILITY = YES;
				GCC_C_LANGUAGE_STANDARD = gnu99;
				GCC_DYNAMIC_NO_PIC = NO;
				GCC_NO_COMMON_BLOCKS = YES;
				GCC_OPTIMIZATION_LEVEL = 0;
				GCC_PREPROCESSOR_DEFINITIONS = (
					"DEBUG=1",
					"$(inherited)",
				);
				GCC_WARN_64_TO_32_BIT_CONVERSION = YES;
				GCC_WARN_ABOUT_RETURN_TYPE = YES_ERROR;
				GCC_WARN_UNDECLARED_SELECTOR = YES;
				GCC_WARN_UNINITIALIZED_AUTOS = YES_AGGRESSIVE;
				GCC_WARN_UNUSED_FUNCTION = YES;
				GCC_WARN_UNUSED_VARIABLE = YES;
				IPHONEOS_DEPLOYMENT_TARGET = 9.2;
				MTL_ENABLE_DEBUG_INFO = YES;
				ONLY_ACTIVE_ARCH = YES;
				SDKROOT = iphoneos;
				SWIFT_OPTIMIZATION_LEVEL = "-Onone";
				TARGETED_DEVICE_FAMILY = "1,2";
			};
			name = Debug;
		};
		AE832A461C92142700E3D08B /* Release */ = {
			isa = XCBuildConfiguration;
			buildSettings = {
				ALWAYS_SEARCH_USER_PATHS = NO;
				CLANG_CXX_LANGUAGE_STANDARD = "gnu++0x";
				CLANG_CXX_LIBRARY = "libc++";
				CLANG_ENABLE_MODULES = YES;
				CLANG_ENABLE_OBJC_ARC = YES;
				CLANG_WARN_BOOL_CONVERSION = YES;
				CLANG_WARN_CONSTANT_CONVERSION = YES;
				CLANG_WARN_DIRECT_OBJC_ISA_USAGE = YES_ERROR;
				CLANG_WARN_EMPTY_BODY = YES;
				CLANG_WARN_ENUM_CONVERSION = YES;
				CLANG_WARN_INT_CONVERSION = YES;
				CLANG_WARN_OBJC_ROOT_CLASS = YES_ERROR;
				CLANG_WARN_UNREACHABLE_CODE = YES;
				CLANG_WARN__DUPLICATE_METHOD_MATCH = YES;
				"CODE_SIGN_IDENTITY[sdk=iphoneos*]" = "iPhone Developer";
				COPY_PHASE_STRIP = NO;
				DEBUG_INFORMATION_FORMAT = "dwarf-with-dsym";
				ENABLE_NS_ASSERTIONS = NO;
				ENABLE_STRICT_OBJC_MSGSEND = YES;
				GCC_C_LANGUAGE_STANDARD = gnu99;
				GCC_NO_COMMON_BLOCKS = YES;
				GCC_WARN_64_TO_32_BIT_CONVERSION = YES;
				GCC_WARN_ABOUT_RETURN_TYPE = YES_ERROR;
				GCC_WARN_UNDECLARED_SELECTOR = YES;
				GCC_WARN_UNINITIALIZED_AUTOS = YES_AGGRESSIVE;
				GCC_WARN_UNUSED_FUNCTION = YES;
				GCC_WARN_UNUSED_VARIABLE = YES;
				IPHONEOS_DEPLOYMENT_TARGET = 9.2;
				MTL_ENABLE_DEBUG_INFO = NO;
				SDKROOT = iphoneos;
				TARGETED_DEVICE_FAMILY = "1,2";
				VALIDATE_PRODUCT = YES;
			};
			name = Release;
		};
		AE832A481C92142700E3D08B /* Debug */ = {
			isa = XCBuildConfiguration;
			buildSettings = {
				ASSETCATALOG_COMPILER_APPICON_NAME = AppIcon;
				CODE_SIGN_IDENTITY = "iPhone Developer";
				INFOPLIST_FILE = rc/Info.plist;
				LD_RUNPATH_SEARCH_PATHS = "$(inherited) @executable_path/Frameworks";
				PRODUCT_BUNDLE_IDENTIFIER = RH.rc;
				PRODUCT_NAME = "$(TARGET_NAME)";
			};
			name = Debug;
		};
		AE832A491C92142700E3D08B /* Release */ = {
			isa = XCBuildConfiguration;
			buildSettings = {
				ASSETCATALOG_COMPILER_APPICON_NAME = AppIcon;
				CODE_SIGN_IDENTITY = "iPhone Developer";
				INFOPLIST_FILE = rc/Info.plist;
				LD_RUNPATH_SEARCH_PATHS = "$(inherited) @executable_path/Frameworks";
				PRODUCT_BUNDLE_IDENTIFIER = RH.rc;
				PRODUCT_NAME = "$(TARGET_NAME)";
			};
			name = Release;
		};
/* End XCBuildConfiguration section */

/* Begin XCConfigurationList section */
		AE832A301C92142700E3D08B /* Build configuration list for PBXProject "rc" */ = {
			isa = XCConfigurationList;
			buildConfigurations = (
				AE832A451C92142700E3D08B /* Debug */,
				AE832A461C92142700E3D08B /* Release */,
			);
			defaultConfigurationIsVisible = 0;
			defaultConfigurationName = Release;
		};
		AE832A471C92142700E3D08B /* Build configuration list for PBXNativeTarget "rc" */ = {
			isa = XCConfigurationList;
			buildConfigurations = (
				AE832A481C92142700E3D08B /* Debug */,
				AE832A491C92142700E3D08B /* Release */,
			);
			defaultConfigurationIsVisible = 0;
			defaultConfigurationName = Release;
		};
/* End XCConfigurationList section */
	};
	rootObject = AE832A2D1C92142700E3D08B /* Project object */;
}
